
Microsoft Visual Studio Solution File, Format Version 12.00
# Visual Studio Version 17
VisualStudioVersion = 17.7.34031.279
MinimumVisualStudioVersion = 10.0.40219.1
Project("{FAE04EC0-301F-11D3-BF4B-00C04F79EFBC}") = "CodingAssessment", "CodingAssessment\CodingAssessment.csproj", "{1110F4CC-A86A-4EC2-A01A-A09810598C6D}"
EndProject
Global
	GlobalSection(SolutionConfigurationPlatforms) = preSolution
		Debug|Any CPU = Debug|Any CPU
		Release|Any CPU = Release|Any CPU
	EndGlobalSection
	GlobalSection(ProjectConfigurationPlatforms) = postSolution
		{1110F4CC-A86A-4EC2-A01A-A09810598C6D}.Debug|Any CPU.ActiveCfg = Debug|Any CPU
		{1110F4CC-A86A-4EC2-A01A-A09810598C6D}.Debug|Any CPU.Build.0 = Debug|Any CPU
		{1110F4CC-A86A-4EC2-A01A-A09810598C6D}.Release|Any CPU.ActiveCfg = Release|Any CPU
		{1110F4CC-A86A-4EC2-A01A-A09810598C6D}.Release|Any CPU.Build.0 = Release|Any CPU
	EndGlobalSection
	GlobalSection(SolutionProperties) = preSolution
		HideSolutionNode = FALSE
	EndGlobalSection
	GlobalSection(ExtensibilityGlobals) = postSolution
		SolutionGuid = {774EEC81-FCBD-4BF6-A56D-0E6E532DF6BB}
	EndGlobalSection
EndGlobal
